
Microsoft Visual Studio Solution File, Format Version 12.00
# Visual Studio 2015
Project("{FAE04EC0-301F-11D3-BF4B-00C04F79EFBC}") = "Algoritmos Geneticos.CSharp", "Algoritmos Geneticos.CSharp.csproj", "{C793FEE5-594B-4F5B-A14B-21B6FC6B096B}"
EndProject
Global
	GlobalSection(SolutionConfigurationPlatforms) = preSolution
		Debug|Any CPU = Debug|Any CPU
		Release|Any CPU = Release|Any CPU
	EndGlobalSection
	GlobalSection(ProjectConfigurationPlatforms) = postSolution
		{C793FEE5-594B-4F5B-A14B-21B6FC6B096B}.Debug|Any CPU.ActiveCfg = Debug|Any CPU
		{C793FEE5-594B-4F5B-A14B-21B6FC6B096B}.Debug|Any CPU.Build.0 = Debug|Any CPU
		{C793FEE5-594B-4F5B-A14B-21B6FC6B096B}.Release|Any CPU.ActiveCfg = Release|Any CPU
		{C793FEE5-594B-4F5B-A14B-21B6FC6B096B}.Release|Any CPU.Build.0 = Release|Any CPU
	EndGlobalSection
	GlobalSection(SolutionProperties) = preSolution
		HideSolutionNode = FALSE
	EndGlobalSection
EndGlobal
